
Microsoft Visual Studio Solution File, Format Version 12.00
# Visual Studio Version 16
VisualStudioVersion = 16.0.30406.217
MinimumVisualStudioVersion = 10.0.40219.1
Project("{FAE04EC0-301F-11D3-BF4B-00C04F79EFBC}") = "NUnitTest", "NUnitTest\NUnitTest.csproj", "{54F89B3B-F386-44D4-90D4-6D21D567F15E}"
EndProject
Project("{FAE04EC0-301F-11D3-BF4B-00C04F79EFBC}") = "WebApplication1", "WebApplication1\WebApplication1.csproj", "{EB972119-9663-4169-BC4A-84A60463C9AF}"
EndProject
Project("{FAE04EC0-301F-11D3-BF4B-00C04F79EFBC}") = "SeleniumTest", "SeleniumTest\SeleniumTest.csproj", "{DF9A6B85-A454-4A8C-BC5E-66D84369EE5F}"
EndProject
Project("{FAE04EC0-301F-11D3-BF4B-00C04F79EFBC}") = "WebApplication2", "WebApplication2\WebApplication2.csproj", "{744E7362-2732-4C8B-84BD-59F8324DCB83}"
EndProject
Project("{FAE04EC0-301F-11D3-BF4B-00C04F79EFBC}") = "TDD", "TDD\TDD.csproj", "{8DD2198C-54C2-4A52-AFC1-1F5622CF1696}"
EndProject
Global
	GlobalSection(SolutionConfigurationPlatforms) = preSolution
		Debug|Any CPU = Debug|Any CPU
		Release|Any CPU = Release|Any CPU
	EndGlobalSection
	GlobalSection(ProjectConfigurationPlatforms) = postSolution
		{54F89B3B-F386-44D4-90D4-6D21D567F15E}.Debug|Any CPU.ActiveCfg = Debug|Any CPU
		{54F89B3B-F386-44D4-90D4-6D21D567F15E}.Debug|Any CPU.Build.0 = Debug|Any CPU
		{54F89B3B-F386-44D4-90D4-6D21D567F15E}.Release|Any CPU.ActiveCfg = Release|Any CPU
		{54F89B3B-F386-44D4-90D4-6D21D567F15E}.Release|Any CPU.Build.0 = Release|Any CPU
		{EB972119-9663-4169-BC4A-84A60463C9AF}.Debug|Any CPU.ActiveCfg = Debug|Any CPU
		{EB972119-9663-4169-BC4A-84A60463C9AF}.Debug|Any CPU.Build.0 = Debug|Any CPU
		{EB972119-9663-4169-BC4A-84A60463C9AF}.Release|Any CPU.ActiveCfg = Release|Any CPU
		{EB972119-9663-4169-BC4A-84A60463C9AF}.Release|Any CPU.Build.0 = Release|Any CPU
		{DF9A6B85-A454-4A8C-BC5E-66D84369EE5F}.Debug|Any CPU.ActiveCfg = Debug|Any CPU
		{DF9A6B85-A454-4A8C-BC5E-66D84369EE5F}.Debug|Any CPU.Build.0 = Debug|Any CPU
		{DF9A6B85-A454-4A8C-BC5E-66D84369EE5F}.Release|Any CPU.ActiveCfg = Release|Any CPU
		{DF9A6B85-A454-4A8C-BC5E-66D84369EE5F}.Release|Any CPU.Build.0 = Release|Any CPU
		{744E7362-2732-4C8B-84BD-59F8324DCB83}.Debug|Any CPU.ActiveCfg = Debug|Any CPU
		{744E7362-2732-4C8B-84BD-59F8324DCB83}.Debug|Any CPU.Build.0 = Debug|Any CPU
		{744E7362-2732-4C8B-84BD-59F8324DCB83}.Release|Any CPU.ActiveCfg = Release|Any CPU
		{744E7362-2732-4C8B-84BD-59F8324DCB83}.Release|Any CPU.Build.0 = Release|Any CPU
		{8DD2198C-54C2-4A52-AFC1-1F5622CF1696}.Debug|Any CPU.ActiveCfg = Debug|Any CPU
		{8DD2198C-54C2-4A52-AFC1-1F5622CF1696}.Debug|Any CPU.Build.0 = Debug|Any CPU
		{8DD2198C-54C2-4A52-AFC1-1F5622CF1696}.Release|Any CPU.ActiveCfg = Release|Any CPU
		{8DD2198C-54C2-4A52-AFC1-1F5622CF1696}.Release|Any CPU.Build.0 = Release|Any CPU
	EndGlobalSection
	GlobalSection(SolutionProperties) = preSolution
		HideSolutionNode = FALSE
	EndGlobalSection
	GlobalSection(ExtensibilityGlobals) = postSolution
		SolutionGuid = {AB1C2CC6-B0F7-47EE-ACDA-38BA08F34028}
	EndGlobalSection
EndGlobal
